{
  "nodes": {
    "cmp-nvim-lsp-document-symbol": {
      "flake": false,
      "locked": {
        "lastModified": 1680344437,
        "narHash": "sha256-kvy0Q/QA3S4xDqmRLCePmLHYmH7uG19rcgPPKdail/0=",
        "owner": "xbreak",
        "repo": "cmp-nvim-lsp-document-symbol",
        "rev": "7ed09f8b89044976f7866e09a815dcbbab902ae9",
        "type": "github"
      },
      "original": {
        "owner": "xbreak",
        "repo": "cmp-nvim-lsp-document-symbol",
        "type": "github"
      }
    },
    "fzf-lua": {
      "flake": false,
      "locked": {
        "lastModified": 1711323625,
        "narHash": "sha256-StSm7zQoi/SvJuqHI3Pksf0XrFDDGgqrL/pLzI/tWXA=",
        "owner": "ibhagwan",
        "repo": "fzf-lua",
        "rev": "618c4de7d36b6c2a2f46794845e631fa6007bbfc",
        "type": "github"
      },
      "original": {
        "owner": "ibhagwan",
        "repo": "fzf-lua",
        "type": "github"
      }
    },
    "lspsaga-nvim": {
      "flake": false,
      "locked": {
        "lastModified": 1710931932,
        "narHash": "sha256-utTiVgTRCsJ9+G/A1WBZGOc2HoGiK/n6aQVdAe/2jMI=",
        "owner": "glepnir",
        "repo": "lspsaga.nvim",
        "rev": "d5aa1a02a23b5725054928426b1de6932a6d3bc3",
        "type": "github"
      },
      "original": {
        "owner": "glepnir",
        "repo": "lspsaga.nvim",
        "type": "github"
      }
    },
    "nixpkgs": {
      "locked": {
        "lastModified": 1711124224,
        "narHash": "sha256-l0zlN/3CiodvWDtfBOVxeTwYSRz93muVbXWSpaMjXxM=",
        "owner": "NixOS",
        "repo": "nixpkgs",
        "rev": "56528ee42526794d413d6f244648aaee4a7b56c0",
        "type": "github"
      },
      "original": {
        "id": "nixpkgs",
        "ref": "nixos-23.11",
        "type": "indirect"
      }
    },
    "nixpkgs-unstable": {
      "locked": {
        "lastModified": 1711163522,
        "narHash": "sha256-YN/Ciidm+A0fmJPWlHBGvVkcarYWSC+s3NTPk/P+q3c=",
        "owner": "NixOS",
        "repo": "nixpkgs",
        "rev": "44d0940ea560dee511026a53f0e2e2cde489b4d4",
        "type": "github"
      },
      "original": {
        "id": "nixpkgs",
        "ref": "nixos-unstable",
        "type": "indirect"
      }
    },
    "nvim-maximize-window-toggle": {
      "flake": false,
      "locked": {
        "lastModified": 1587569265,
        "narHash": "sha256-Y6aVvgJx7ECV5uFN3XVQI0OU3CedMXAu7JZKGA9OKDQ=",
        "owner": "caenrique",
        "repo": "nvim-maximize-window-toggle",
        "rev": "010e5a74ce18765707af8d0c60a79780c59caa13",
        "type": "github"
      },
      "original": {
        "owner": "caenrique",
        "repo": "nvim-maximize-window-toggle",
        "type": "github"
      }
    },
    "nvim-possession": {
      "flake": false,
      "locked": {
        "lastModified": 1694499709,
        "narHash": "sha256-dlKEGYLoxHWyuKcfYXj8+6HkW6FBN6kwpxEmPkqHe60=",
        "owner": "gennaro-tedesco",
        "repo": "nvim-possession",
        "rev": "253e52fe26f2816acae68e7e0ced9d89adf3f85a",
        "type": "github"
      },
      "original": {
        "owner": "gennaro-tedesco",
        "repo": "nvim-possession",
        "type": "github"
      }
    },
    "nvim-tree-lua": {
      "flake": false,
      "locked": {
        "lastModified": 1711341665,
        "narHash": "sha256-mwrML9DfWGBuy+kvn9gjqsVh9awGOEzU9rQbwse9Qfo=",
        "owner": "kyazdani42",
        "repo": "nvim-tree.lua",
        "rev": "e20966ae558524f8d6f93dc37f5d2a8605f893e2",
        "type": "github"
      },
      "original": {
        "owner": "kyazdani42",
        "repo": "nvim-tree.lua",
        "type": "github"
      }
    },
    "nvim-treesitter-context": {
      "flake": false,
      "locked": {
        "lastModified": 1692600212,
        "narHash": "sha256-yfl3CdH4ZDGljKAdVwCHHo/DNhESegi1PeMT582AGNU=",
        "owner": "xbreak",
        "repo": "nvim-treesitter-context",
        "rev": "1eed92f49f73b083c2edb18b07f0e7dc0e453a30",
        "type": "github"
      },
      "original": {
        "owner": "xbreak",
        "repo": "nvim-treesitter-context",
        "type": "github"
      }
    },
    "robotframework-vim": {
      "flake": false,
      "locked": {
        "lastModified": 1557313274,
        "narHash": "sha256-hO7O6/U68N7leow/mZtXINZq4vUAFXw7g6LPW9XgzEE=",
        "owner": "rasjani",
        "repo": "robotframework-vim",
        "rev": "bc2156daf6e35dfa5b11001ab2acf0df286b1e6f",
        "type": "github"
      },
      "original": {
        "owner": "rasjani",
        "repo": "robotframework-vim",
        "type": "github"
      }
    },
    "root": {
      "inputs": {
        "cmp-nvim-lsp-document-symbol": "cmp-nvim-lsp-document-symbol",
        "fzf-lua": "fzf-lua",
        "lspsaga-nvim": "lspsaga-nvim",
        "nixpkgs": "nixpkgs",
        "nixpkgs-unstable": "nixpkgs-unstable",
        "nvim-maximize-window-toggle": "nvim-maximize-window-toggle",
        "nvim-possession": "nvim-possession",
        "nvim-tree-lua": "nvim-tree-lua",
        "nvim-treesitter-context": "nvim-treesitter-context",
        "robotframework-vim": "robotframework-vim",
        "vim-fswitch": "vim-fswitch",
        "vim-rst": "vim-rst"
      }
    },
    "vim-fswitch": {
      "flake": false,
      "locked": {
        "lastModified": 1719473083,
        "narHash": "sha256-8RcD+IUnmTHJcCU8mV2hS2wolPmlmGSx1y2jXmruk0U=",
        "owner": "xbreak",
        "repo": "vim-fswitch",
        "rev": "2b9e4db88e981e1b460d5ea57ade0ae0c47e70b0",
        "type": "github"
      },
      "original": {
        "owner": "xbreak",
        "repo": "vim-fswitch",
        "type": "github"
      }
    },
    "vim-rst": {
      "flake": false,
      "locked": {
        "lastModified": 1708303415,
        "narHash": "sha256-N9YqycFfwuf2F4vBiHMMLHY5391r5bytrX3q6aQKW88=",
        "owner": "habamax",
        "repo": "vim-rst",
        "rev": "d5f060a06570d78647d82564ab226befb678ff1d",
        "type": "github"
      },
      "original": {
        "owner": "habamax",
        "repo": "vim-rst",
        "type": "github"
      }
    }
  },
  "root": "root",
  "version": 7
}
