{
  "nodes": {
    "fzf-lua": {
      "flake": false,
      "locked": {
        "lastModified": 1664598942,
        "narHash": "sha256-/7kY5n2AyKgw5AQRExst8Ij+81jfS27HazllmfJsc5U=",
        "owner": "ibhagwan",
        "repo": "fzf-lua",
        "rev": "e7c610889ff954101c644cdb9cf68e499a3751ac",
        "type": "github"
      },
      "original": {
        "owner": "ibhagwan",
        "repo": "fzf-lua",
        "type": "github"
      }
    },
    "nixpkgs": {
      "locked": {
        "lastModified": 1665066044,
        "narHash": "sha256-mkO0LMHVunMFRWLcJhHT0fBf2v6RlH3vg7EVpfSIAFc=",
        "owner": "NixOS",
        "repo": "nixpkgs",
        "rev": "ed9b904c5eba055a6d6f5c1ccb89ba8f0a056dc6",
        "type": "github"
      },
      "original": {
        "id": "nixpkgs",
        "ref": "nixos-22.05",
        "type": "indirect"
      }
    },
    "nixpkgs-unstable": {
      "locked": {
        "lastModified": 1664989420,
        "narHash": "sha256-Q8IxomUjjmewsoJgO3htkXLfCckQ7HkDJ/ZhdYVf/fA=",
        "owner": "NixOS",
        "repo": "nixpkgs",
        "rev": "37bd39839acf99c5b738319f42478296f827f274",
        "type": "github"
      },
      "original": {
        "id": "nixpkgs",
        "ref": "nixos-unstable",
        "type": "indirect"
      }
    },
    "nvim-tree-lua": {
      "flake": false,
      "locked": {
        "lastModified": 1664621482,
        "narHash": "sha256-qcvhosFNyGwW+QQOj8HMySWVKaAMbfie0DY0mCmlCvU=",
        "owner": "kyazdani42",
        "repo": "nvim-tree.lua",
        "rev": "7282f7de8aedf861fe0162a559fc2b214383c51c",
        "type": "github"
      },
      "original": {
        "owner": "kyazdani42",
        "repo": "nvim-tree.lua",
        "type": "github"
      }
    },
    "robotframework-vim": {
      "flake": false,
      "locked": {
        "lastModified": 1557313274,
        "narHash": "sha256-hO7O6/U68N7leow/mZtXINZq4vUAFXw7g6LPW9XgzEE=",
        "owner": "rasjani",
        "repo": "robotframework-vim",
        "rev": "bc2156daf6e35dfa5b11001ab2acf0df286b1e6f",
        "type": "github"
      },
      "original": {
        "owner": "rasjani",
        "repo": "robotframework-vim",
        "type": "github"
      }
    },
    "root": {
      "inputs": {
        "fzf-lua": "fzf-lua",
        "nixpkgs": "nixpkgs",
        "nixpkgs-unstable": "nixpkgs-unstable",
        "nvim-tree-lua": "nvim-tree-lua",
        "robotframework-vim": "robotframework-vim",
        "vim-fswitch": "vim-fswitch",
        "vim-rst": "vim-rst"
      }
    },
    "vim-fswitch": {
      "flake": false,
      "locked": {
        "lastModified": 1510327990,
        "narHash": "sha256-LMNptjApgqBd7RMyKEWG/bQ2ahtglKr5Rf3LuDge044=",
        "owner": "derekwyatt",
        "repo": "vim-fswitch",
        "rev": "94acdd8bc92458d3bf7e6557df8d93b533564491",
        "type": "github"
      },
      "original": {
        "owner": "derekwyatt",
        "repo": "vim-fswitch",
        "type": "github"
      }
    },
    "vim-rst": {
      "flake": false,
      "locked": {
        "lastModified": 1661449038,
        "narHash": "sha256-GavfoRiw0WDX1LyhOcZ1Abws7Cq0VhPfx9iUn0ZBKtM=",
        "owner": "habamax",
        "repo": "vim-rst",
        "rev": "92f523154788849e17752640df1759ac1b95ad51",
        "type": "github"
      },
      "original": {
        "owner": "habamax",
        "repo": "vim-rst",
        "type": "github"
      }
    }
  },
  "root": "root",
  "version": 7
}
