{
  "nodes": {
    "cmp-nvim-lsp-document-symbol": {
      "flake": false,
      "locked": {
        "lastModified": 1680344437,
        "narHash": "sha256-kvy0Q/QA3S4xDqmRLCePmLHYmH7uG19rcgPPKdail/0=",
        "owner": "xbreak",
        "repo": "cmp-nvim-lsp-document-symbol",
        "rev": "7ed09f8b89044976f7866e09a815dcbbab902ae9",
        "type": "github"
      },
      "original": {
        "owner": "xbreak",
        "repo": "cmp-nvim-lsp-document-symbol",
        "type": "github"
      }
    },
    "fzf-lua": {
      "flake": false,
      "locked": {
        "lastModified": 1692578820,
        "narHash": "sha256-qV49Wva0gcODsCjYkYl5NZv1XnLzRlar5rqXL2B4ZIQ=",
        "owner": "ibhagwan",
        "repo": "fzf-lua",
        "rev": "fe649a0d042e68d5810c9da8045560e885a705d7",
        "type": "github"
      },
      "original": {
        "owner": "ibhagwan",
        "repo": "fzf-lua",
        "type": "github"
      }
    },
    "lspsaga-nvim": {
      "flake": false,
      "locked": {
        "lastModified": 1692516937,
        "narHash": "sha256-01UYKb2HpjZgbcq7zWNFLqCwj2r119XXNFjLE2tqV0o=",
        "owner": "glepnir",
        "repo": "lspsaga.nvim",
        "rev": "7106caa511e4be4b43cb584b3ecafa95baa90a8b",
        "type": "github"
      },
      "original": {
        "owner": "glepnir",
        "repo": "lspsaga.nvim",
        "type": "github"
      }
    },
    "nixpkgs": {
      "locked": {
        "lastModified": 1685573264,
        "narHash": "sha256-Zffu01pONhs/pqH07cjlF10NnMDLok8ix5Uk4rhOnZQ=",
        "owner": "NixOS",
        "repo": "nixpkgs",
        "rev": "380be19fbd2d9079f677978361792cb25e8a3635",
        "type": "github"
      },
      "original": {
        "id": "nixpkgs",
        "ref": "nixos-22.05",
        "type": "indirect"
      }
    },
    "nixpkgs-unstable": {
      "locked": {
        "lastModified": 1692447944,
        "narHash": "sha256-fkJGNjEmTPvqBs215EQU4r9ivecV5Qge5cF/QDLVn3U=",
        "owner": "NixOS",
        "repo": "nixpkgs",
        "rev": "d680ded26da5cf104dd2735a51e88d2d8f487b4d",
        "type": "github"
      },
      "original": {
        "id": "nixpkgs",
        "ref": "nixos-unstable",
        "type": "indirect"
      }
    },
    "nvim-maximize-window-toggle": {
      "flake": false,
      "locked": {
        "lastModified": 1587569265,
        "narHash": "sha256-Y6aVvgJx7ECV5uFN3XVQI0OU3CedMXAu7JZKGA9OKDQ=",
        "owner": "caenrique",
        "repo": "nvim-maximize-window-toggle",
        "rev": "010e5a74ce18765707af8d0c60a79780c59caa13",
        "type": "github"
      },
      "original": {
        "owner": "caenrique",
        "repo": "nvim-maximize-window-toggle",
        "type": "github"
      }
    },
    "nvim-possession": {
      "flake": false,
      "locked": {
        "lastModified": 1687954853,
        "narHash": "sha256-12uZwfbkftWNiAgvdzL78wqkfJIhbKUKr6TiXqT92/M=",
        "owner": "gennaro-tedesco",
        "repo": "nvim-possession",
        "rev": "01478ce7c3c8ea58e9b0c3859c43483a0adec5be",
        "type": "github"
      },
      "original": {
        "owner": "gennaro-tedesco",
        "repo": "nvim-possession",
        "type": "github"
      }
    },
    "nvim-tree-lua": {
      "flake": false,
      "locked": {
        "lastModified": 1692516854,
        "narHash": "sha256-JEVackds4skWQJWeVr1ECraobXj+5YgEeWJ9ZytU98k=",
        "owner": "kyazdani42",
        "repo": "nvim-tree.lua",
        "rev": "920868dba13466586897a8f40220eca6b2caac41",
        "type": "github"
      },
      "original": {
        "owner": "kyazdani42",
        "repo": "nvim-tree.lua",
        "type": "github"
      }
    },
    "nvim-treesitter-context": {
      "flake": false,
      "locked": {
        "lastModified": 1692600212,
        "narHash": "sha256-yfl3CdH4ZDGljKAdVwCHHo/DNhESegi1PeMT582AGNU=",
        "owner": "xbreak",
        "repo": "nvim-treesitter-context",
        "rev": "1eed92f49f73b083c2edb18b07f0e7dc0e453a30",
        "type": "github"
      },
      "original": {
        "owner": "xbreak",
        "repo": "nvim-treesitter-context",
        "type": "github"
      }
    },
    "robotframework-vim": {
      "flake": false,
      "locked": {
        "lastModified": 1557313274,
        "narHash": "sha256-hO7O6/U68N7leow/mZtXINZq4vUAFXw7g6LPW9XgzEE=",
        "owner": "rasjani",
        "repo": "robotframework-vim",
        "rev": "bc2156daf6e35dfa5b11001ab2acf0df286b1e6f",
        "type": "github"
      },
      "original": {
        "owner": "rasjani",
        "repo": "robotframework-vim",
        "type": "github"
      }
    },
    "root": {
      "inputs": {
        "cmp-nvim-lsp-document-symbol": "cmp-nvim-lsp-document-symbol",
        "fzf-lua": "fzf-lua",
        "lspsaga-nvim": "lspsaga-nvim",
        "nixpkgs": "nixpkgs",
        "nixpkgs-unstable": "nixpkgs-unstable",
        "nvim-maximize-window-toggle": "nvim-maximize-window-toggle",
        "nvim-possession": "nvim-possession",
        "nvim-tree-lua": "nvim-tree-lua",
        "nvim-treesitter-context": "nvim-treesitter-context",
        "robotframework-vim": "robotframework-vim",
        "vim-fswitch": "vim-fswitch",
        "vim-rst": "vim-rst"
      }
    },
    "vim-fswitch": {
      "flake": false,
      "locked": {
        "lastModified": 1510327990,
        "narHash": "sha256-LMNptjApgqBd7RMyKEWG/bQ2ahtglKr5Rf3LuDge044=",
        "owner": "derekwyatt",
        "repo": "vim-fswitch",
        "rev": "94acdd8bc92458d3bf7e6557df8d93b533564491",
        "type": "github"
      },
      "original": {
        "owner": "derekwyatt",
        "repo": "vim-fswitch",
        "type": "github"
      }
    },
    "vim-rst": {
      "flake": false,
      "locked": {
        "lastModified": 1668409269,
        "narHash": "sha256-N5fysLR1enTFu+UaxJdOEEAVQxVbsOhTCtgviQ9zVTw=",
        "owner": "habamax",
        "repo": "vim-rst",
        "rev": "25e894159547f22d0fa635cedda8e89cc81b656b",
        "type": "github"
      },
      "original": {
        "owner": "habamax",
        "repo": "vim-rst",
        "type": "github"
      }
    }
  },
  "root": "root",
  "version": 7
}
